<Solution>
  <Project Path="CLICON_CONVUNI_SOAP_DOTNET_GR01/CLICON_CONVUNI_SOAP_DOTNET_GR01.csproj" />
  <Project Path="CLIESC_CONVUNI_SOAP_DOTNET_GR01_REPO/CLIESC_CONVUNI_SOAP_DOTNET_GR01.csproj" Id="d8bea2b5-3145-4436-a8df-9047fa1e1575" />
  <Project Path="WS_CONVUNI_REST_DOTNET_GR01/WS_CONVUNI_REST_DOTNET_GR01.csproj" Id="f03c097b-77e1-48b2-9e58-b9e9f054198f" />
  <Project Path="WS_CONVUNI_SOAP_DOTNET_GR01/WS_CONVUNI_SOAP_DOTNET_GR01.csproj" />
</Solution>
