<Solution>
  <Project Path="CLICON_CONVUNI_SOAP_DOTNET_GR01/CLICON_CONVUNI_SOAP_DOTNET_GR01.csproj" />
  <Project Path="WS_CONVUNI_REST_DOTNET_GR01/WS_CONVUNI_REST_DOTNET_GR01.csproj" Id="f03c097b-77e1-48b2-9e58-b9e9f054198f" />
  <Project Path="WS_CONVUNI_SOAP_DOTNET_GR01/WS_CONVUNI_SOAP_DOTNET_GR01.csproj" />
</Solution>
